// !$*UTF8*$!
{
	archiveVersion = 1;
	classes = {
	};
	objectVersion = 46;
	objects = {

/* Begin PBXBuildFile section */
		00E356F31AD99517003FC87E /* Lectures247Tests.m in Sources */ = {isa = PBXBuildFile; fileRef = 00E356F21AD99517003FC87E /* Lectures247Tests.m */; };
		13B07FBC1A68108700A75B9A /* AppDelegate.m in Sources */ = {isa = PBXBuildFile; fileRef = 13B07FB01A68108700A75B9A /* AppDelegate.m */; };
		13B07FBF1A68108700A75B9A /* Images.xcassets in Resources */ = {isa = PBXBuildFile; fileRef = 13B07FB51A68108700A75B9A /* Images.xcassets */; };
		13B07FC11A68108700A75B9A /* main.m in Sources */ = {isa = PBXBuildFile; fileRef = 13B07FB71A68108700A75B9A /* main.m */; };
		2D02E4BC1E0B4A80006451C7 /* AppDelegate.m in Sources */ = {isa = PBXBuildFile; fileRef = 13B07FB01A68108700A75B9A /* AppDelegate.m */; };
		2D02E4BD1E0B4A84006451C7 /* Images.xcassets in Resources */ = {isa = PBXBuildFile; fileRef = 13B07FB51A68108700A75B9A /* Images.xcassets */; };
		2D02E4BF1E0B4AB3006451C7 /* main.m in Sources */ = {isa = PBXBuildFile; fileRef = 13B07FB71A68108700A75B9A /* main.m */; };
		2DCD954D1E0B4F2C00145EB5 /* Lectures247Tests.m in Sources */ = {isa = PBXBuildFile; fileRef = 00E356F21AD99517003FC87E /* Lectures247Tests.m */; };
		733F5DFA93565D59F4341229 /* libPods-Lectures247-tvOS.a in Frameworks */ = {isa = PBXBuildFile; fileRef = 889033DE1D6A0E6A5B833137 /* libPods-Lectures247-tvOS.a */; };
		7E346CFA90A0495FA91001C5 /* libPods-Lectures247.a in Frameworks */ = {isa = PBXBuildFile; fileRef = 27036185849D8C2ABFD7BD00 /* libPods-Lectures247.a */; };
		81AB9BB82411601600AC10FF /* LaunchScreen.storyboard in Resources */ = {isa = PBXBuildFile; fileRef = 81AB9BB72411601600AC10FF /* LaunchScreen.storyboard */; };
		8996F05221DA11A7C82A8E7D /* libPods-Lectures247-tvOSTests.a in Frameworks */ = {isa = PBXBuildFile; fileRef = FF658AD8A7E28E7FA413AAD9 /* libPods-Lectures247-tvOSTests.a */; };
		FF35745330AE6BDEDE959630 /* libPods-Lectures247-Lectures247Tests.a in Frameworks */ = {isa = PBXBuildFile; fileRef = A2569896CFEFE970A471B6BD /* libPods-Lectures247-Lectures247Tests.a */; };
		30E3A28F0CD34EF0A6A203B0 /* AntDesign.ttf in Resources */ = {isa = PBXBuildFile; fileRef = 10EE759524A142E4B7CA956B /* AntDesign.ttf */; };
		322369B3BD7F455EB31EA4CE /* Entypo.ttf in Resources */ = {isa = PBXBuildFile; fileRef = 2ECF263A78514EB890A4A176 /* Entypo.ttf */; };
		1C69899360C749299DD9C4B4 /* EvilIcons.ttf in Resources */ = {isa = PBXBuildFile; fileRef = B3B21A39608843DF86CE10C9 /* EvilIcons.ttf */; };
		68FC185BE9A8440FB470594C /* Feather.ttf in Resources */ = {isa = PBXBuildFile; fileRef = 17CC074F2A6248DBADA11883 /* Feather.ttf */; };
		8BFB83BB00874520BF10E614 /* FontAwesome.ttf in Resources */ = {isa = PBXBuildFile; fileRef = 09848CFBCF4E4E46B699BA53 /* FontAwesome.ttf */; };
		3FBE801BD61745AFB2BDE454 /* FontAwesome5_Brands.ttf in Resources */ = {isa = PBXBuildFile; fileRef = FD7B9F0DFCD0466D85E35079 /* FontAwesome5_Brands.ttf */; };
		5267C1A9607E49F1AA6EE43C /* FontAwesome5_Regular.ttf in Resources */ = {isa = PBXBuildFile; fileRef = 43DC3AD6480F4AB2B6284B81 /* FontAwesome5_Regular.ttf */; };
		98C3EB0FC8E24D5B8C17BAF4 /* FontAwesome5_Solid.ttf in Resources */ = {isa = PBXBuildFile; fileRef = 76E0B97AA64D44459C669689 /* FontAwesome5_Solid.ttf */; };
		515E774BC3DF4EBC8C17737A /* Fontisto.ttf in Resources */ = {isa = PBXBuildFile; fileRef = BFA90284C9334ED2952A89D3 /* Fontisto.ttf */; };
		DA80AD5CDC1247DA9C11F979 /* Foundation.ttf in Resources */ = {isa = PBXBuildFile; fileRef = 9743944F42C14A889A1CA876 /* Foundation.ttf */; };
		FC57727D5A8148B682341DF9 /* Ionicons.ttf in Resources */ = {isa = PBXBuildFile; fileRef = 643E83791E7644DEAA7E8642 /* Ionicons.ttf */; };
		20B51B55B8194812B655F279 /* MaterialCommunityIcons.ttf in Resources */ = {isa = PBXBuildFile; fileRef = 27BB70B3251B4450BE2FC31D /* MaterialCommunityIcons.ttf */; };
		78049F2535ED43D493F323F5 /* MaterialIcons.ttf in Resources */ = {isa = PBXBuildFile; fileRef = 97F1251AC4F74BB990D5F603 /* MaterialIcons.ttf */; };
		328C688978BA4393AC86F7DE /* Octicons.ttf in Resources */ = {isa = PBXBuildFile; fileRef = BFA2DC7C3F8640DC8E20FED9 /* Octicons.ttf */; };
		F952D40B9974401E9B80FFD1 /* SimpleLineIcons.ttf in Resources */ = {isa = PBXBuildFile; fileRef = A5290FF63C154B4EAC51F9DE /* SimpleLineIcons.ttf */; };
		21031144841E4350A2296F65 /* Zocial.ttf in Resources */ = {isa = PBXBuildFile; fileRef = 3FC2640DA5C14950AC9C311C /* Zocial.ttf */; };
		8261AEE0813A49C88492098D /* Flaticon.ttf in Resources */ = {isa = PBXBuildFile; fileRef = 111444040AFC45838A024F07 /* Flaticon.ttf */; };
		99F730CCDDE2438BBB7142DD /* Montserrat-Black.ttf in Resources */ = {isa = PBXBuildFile; fileRef = E3A5CEF91F1E47408B6D5198 /* Montserrat-Black.ttf */; };
		0CC03A5B5EA2468EAF3BBD54 /* Montserrat-BlackItalic.ttf in Resources */ = {isa = PBXBuildFile; fileRef = 70F567757574456FB64741E1 /* Montserrat-BlackItalic.ttf */; };
		DEFCF4D3155140F2A0A3D5B6 /* Montserrat-Bold.ttf in Resources */ = {isa = PBXBuildFile; fileRef = 743F1794D6194B358F387A91 /* Montserrat-Bold.ttf */; };
		8B7BC5EBCF684BA780559612 /* Montserrat-BoldItalic.ttf in Resources */ = {isa = PBXBuildFile; fileRef = D9A9F7C043C74553B3B5B3FB /* Montserrat-BoldItalic.ttf */; };
		0957BDF9EE284AB7ABF0F4E1 /* Montserrat-ExtraBold.ttf in Resources */ = {isa = PBXBuildFile; fileRef = 700B059DF25A466886A7F448 /* Montserrat-ExtraBold.ttf */; };
		82912EC1C3DC4EB9AA9E944D /* Montserrat-ExtraBoldItalic.ttf in Resources */ = {isa = PBXBuildFile; fileRef = B741A2CA22D9427A97C1CB5E /* Montserrat-ExtraBoldItalic.ttf */; };
		B6E6674BBF9B405BA254E95B /* Montserrat-ExtraLight.ttf in Resources */ = {isa = PBXBuildFile; fileRef = 7ACAE787E8A14FAC9CDABFF1 /* Montserrat-ExtraLight.ttf */; };
		D72E0A6CFDFB4533AA19BE5C /* Montserrat-ExtraLightItalic.ttf in Resources */ = {isa = PBXBuildFile; fileRef = A08D89B8F67842E8ADD7077A /* Montserrat-ExtraLightItalic.ttf */; };
		6F1E7BD4721F4F27B21301C6 /* Montserrat-Italic.ttf in Resources */ = {isa = PBXBuildFile; fileRef = C1C71063C3284AAF95B59FDF /* Montserrat-Italic.ttf */; };
		DAF66E7F832544F7B3DF7388 /* Montserrat-Light.ttf in Resources */ = {isa = PBXBuildFile; fileRef = A3B15A0C87604D82A6E2B67B /* Montserrat-Light.ttf */; };
		C51AA8C5D7F2416283FBBB93 /* Montserrat-LightItalic.ttf in Resources */ = {isa = PBXBuildFile; fileRef = B5490229C731470B9537D804 /* Montserrat-LightItalic.ttf */; };
		715E8BAA5D9B482EB0951AFA /* Montserrat-Medium.ttf in Resources */ = {isa = PBXBuildFile; fileRef = D6C01114A53A4C12839EE139 /* Montserrat-Medium.ttf */; };
		D5339EFBB7334A3189904A74 /* Montserrat-MediumItalic.ttf in Resources */ = {isa = PBXBuildFile; fileRef = 6CDC53F8AFF94512878D03D8 /* Montserrat-MediumItalic.ttf */; };
		F76EC0C6D1FD40EFB3338DA8 /* Montserrat-Regular.ttf in Resources */ = {isa = PBXBuildFile; fileRef = 8992A532777D46EB8CDF4C0E /* Montserrat-Regular.ttf */; };
		524C9CE1BFB24CFBA5A3A5B9 /* Montserrat-SemiBold.ttf in Resources */ = {isa = PBXBuildFile; fileRef = 47A980FE6FED4703A5287FD0 /* Montserrat-SemiBold.ttf */; };
		03F6792DAAF14153A34B98F6 /* Montserrat-SemiBoldItalic.ttf in Resources */ = {isa = PBXBuildFile; fileRef = 34B1EFD4002E469B9F9DA2EE /* Montserrat-SemiBoldItalic.ttf */; };
		D2AA22F1D62547B09FB80531 /* Montserrat-Thin.ttf in Resources */ = {isa = PBXBuildFile; fileRef = 12ABEFBD57E8450C9518C423 /* Montserrat-Thin.ttf */; };
		FA7FFF6258A945A583A56FD2 /* Montserrat-ThinItalic.ttf in Resources */ = {isa = PBXBuildFile; fileRef = 7E97EAD607CC4AAA8B35298A /* Montserrat-ThinItalic.ttf */; };
		8A9E558566644300B5FBD8B5 /* AntDesign.ttf in Resources */ = {isa = PBXBuildFile; fileRef = CC78CD1AA1884A52B34A5091 /* AntDesign.ttf */; };
		4E34EFB5F7594E27AC12EEC1 /* Entypo.ttf in Resources */ = {isa = PBXBuildFile; fileRef = B1B21C66B5AF4D15AD956A72 /* Entypo.ttf */; };
		D54AE7049D57426DBE06184A /* EvilIcons.ttf in Resources */ = {isa = PBXBuildFile; fileRef = 0278067D29CE46CFAC643A94 /* EvilIcons.ttf */; };
		E96A5C9F4A9C4EB59F00508B /* Feather.ttf in Resources */ = {isa = PBXBuildFile; fileRef = 68F61A46DCA247DB9653A5D9 /* Feather.ttf */; };
		04000336746143899E5321B7 /* FontAwesome.ttf in Resources */ = {isa = PBXBuildFile; fileRef = 0A759478703342F4923124AC /* FontAwesome.ttf */; };
		E39924A06FC64A039FE45C6B /* FontAwesome5_Brands.ttf in Resources */ = {isa = PBXBuildFile; fileRef = 4ADC8A00C8B54362B2EEFBC1 /* FontAwesome5_Brands.ttf */; };
		6AC27D0ECFBA4C3EAA6D4D92 /* FontAwesome5_Regular.ttf in Resources */ = {isa = PBXBuildFile; fileRef = 47A402D775BD4AE1B3B12FE4 /* FontAwesome5_Regular.ttf */; };
		98FF2793189B41479E57122D /* FontAwesome5_Solid.ttf in Resources */ = {isa = PBXBuildFile; fileRef = 827C4C053CC6436E8DB8BC9E /* FontAwesome5_Solid.ttf */; };
		5700B0711E6E47F6BF842A2A /* Fontisto.ttf in Resources */ = {isa = PBXBuildFile; fileRef = 4F9253FC5F8D4F3EBE545309 /* Fontisto.ttf */; };
		311AD2CDB8F3470AB2EC617B /* Foundation.ttf in Resources */ = {isa = PBXBuildFile; fileRef = 2B228006B4014A5E9C032370 /* Foundation.ttf */; };
		CAC93B41A4CB4DE78EB509A8 /* Ionicons.ttf in Resources */ = {isa = PBXBuildFile; fileRef = 1D9C286D98654D088DC124F3 /* Ionicons.ttf */; };
		2E46DA0C156B465C9009167A /* MaterialCommunityIcons.ttf in Resources */ = {isa = PBXBuildFile; fileRef = 32507D7988314837BA62419D /* MaterialCommunityIcons.ttf */; };
		7F88A911CB844D0B8087FB10 /* MaterialIcons.ttf in Resources */ = {isa = PBXBuildFile; fileRef = A9977A42962747F98AA978D2 /* MaterialIcons.ttf */; };
		68FF734769FA4325A18C4928 /* Octicons.ttf in Resources */ = {isa = PBXBuildFile; fileRef = CC17ABD5596C4734B7BBFA77 /* Octicons.ttf */; };
		C5172D971B4A4AF1A5760414 /* Roboto_medium.ttf in Resources */ = {isa = PBXBuildFile; fileRef = EFD6B03EE0634217A4181299 /* Roboto_medium.ttf */; };
		167B9713453942B3AFE4227D /* Roboto.ttf in Resources */ = {isa = PBXBuildFile; fileRef = 4AF52D54C01F469093A5558F /* Roboto.ttf */; };
		21F72DED26DF45ACA246D252 /* rubicon-icon-font.ttf in Resources */ = {isa = PBXBuildFile; fileRef = 3A12EE6F1C45499FBBED7730 /* rubicon-icon-font.ttf */; };
		895D6882BC0340BDA5949385 /* SimpleLineIcons.ttf in Resources */ = {isa = PBXBuildFile; fileRef = 90A2A44BE177475181202341 /* SimpleLineIcons.ttf */; };
		050830AD0CA74797A172976B /* Zocial.ttf in Resources */ = {isa = PBXBuildFile; fileRef = E3B02F41968C405E86B30C26 /* Zocial.ttf */; };
/* End PBXBuildFile section */

/* Begin PBXContainerItemProxy section */
		00E356F41AD99517003FC87E /* PBXContainerItemProxy */ = {
			isa = PBXContainerItemProxy;
			containerPortal = 83CBB9F71A601CBA00E9B192 /* Project object */;
			proxyType = 1;
			remoteGlobalIDString = 13B07F861A680F5B00A75B9A;
			remoteInfo = Lectures247;
		};
		2D02E4911E0B4A5D006451C7 /* PBXContainerItemProxy */ = {
			isa = PBXContainerItemProxy;
			containerPortal = 83CBB9F71A601CBA00E9B192 /* Project object */;
			proxyType = 1;
			remoteGlobalIDString = 2D02E47A1E0B4A5D006451C7;
			remoteInfo = "Lectures247-tvOS";
		};
/* End PBXContainerItemProxy section */

/* Begin PBXFileReference section */
		008F07F21AC5B25A0029DE68 /* main.jsbundle */ = {isa = PBXFileReference; fileEncoding = 4; lastKnownFileType = text; path = main.jsbundle; sourceTree = "<group>"; };
		00E356EE1AD99517003FC87E /* Lectures247Tests.xctest */ = {isa = PBXFileReference; explicitFileType = wrapper.cfbundle; includeInIndex = 0; path = Lectures247Tests.xctest; sourceTree = BUILT_PRODUCTS_DIR; };
		00E356F11AD99517003FC87E /* Info.plist */ = {isa = PBXFileReference; lastKnownFileType = text.plist.xml; path = Info.plist; sourceTree = "<group>"; };
		00E356F21AD99517003FC87E /* Lectures247Tests.m */ = {isa = PBXFileReference; lastKnownFileType = sourcecode.c.objc; path = Lectures247Tests.m; sourceTree = "<group>"; };
		13B07F961A680F5B00A75B9A /* Lectures247.app */ = {isa = PBXFileReference; explicitFileType = wrapper.application; includeInIndex = 0; path = Lectures247.app; sourceTree = BUILT_PRODUCTS_DIR; };
		13B07FAF1A68108700A75B9A /* AppDelegate.h */ = {isa = PBXFileReference; fileEncoding = 4; lastKnownFileType = sourcecode.c.h; name = AppDelegate.h; path = Lectures247/AppDelegate.h; sourceTree = "<group>"; };
		13B07FB01A68108700A75B9A /* AppDelegate.m */ = {isa = PBXFileReference; fileEncoding = 4; lastKnownFileType = sourcecode.c.objc; name = AppDelegate.m; path = Lectures247/AppDelegate.m; sourceTree = "<group>"; };
		13B07FB51A68108700A75B9A /* Images.xcassets */ = {isa = PBXFileReference; lastKnownFileType = folder.assetcatalog; name = Images.xcassets; path = Lectures247/Images.xcassets; sourceTree = "<group>"; };
		13B07FB61A68108700A75B9A /* Info.plist */ = {isa = PBXFileReference; fileEncoding = 4; lastKnownFileType = text.plist.xml; name = Info.plist; path = Lectures247/Info.plist; sourceTree = "<group>"; };
		13B07FB71A68108700A75B9A /* main.m */ = {isa = PBXFileReference; fileEncoding = 4; lastKnownFileType = sourcecode.c.objc; name = main.m; path = Lectures247/main.m; sourceTree = "<group>"; };
		23710D8D83A0604E323435B6 /* Pods-Lectures247-Lectures247Tests.release.xcconfig */ = {isa = PBXFileReference; includeInIndex = 1; lastKnownFileType = text.xcconfig; name = "Pods-Lectures247-Lectures247Tests.release.xcconfig"; path = "Target Support Files/Pods-Lectures247-Lectures247Tests/Pods-Lectures247-Lectures247Tests.release.xcconfig"; sourceTree = "<group>"; };
		27036185849D8C2ABFD7BD00 /* libPods-Lectures247.a */ = {isa = PBXFileReference; explicitFileType = archive.ar; includeInIndex = 0; path = "libPods-Lectures247.a"; sourceTree = BUILT_PRODUCTS_DIR; };
		2D02E47B1E0B4A5D006451C7 /* Lectures247-tvOS.app */ = {isa = PBXFileReference; explicitFileType = wrapper.application; includeInIndex = 0; path = "Lectures247-tvOS.app"; sourceTree = BUILT_PRODUCTS_DIR; };
		2D02E4901E0B4A5D006451C7 /* Lectures247-tvOSTests.xctest */ = {isa = PBXFileReference; explicitFileType = wrapper.cfbundle; includeInIndex = 0; path = "Lectures247-tvOSTests.xctest"; sourceTree = BUILT_PRODUCTS_DIR; };
		2FAD4AB96B8DDB3A4D676800 /* Pods-Lectures247.debug.xcconfig */ = {isa = PBXFileReference; includeInIndex = 1; lastKnownFileType = text.xcconfig; name = "Pods-Lectures247.debug.xcconfig"; path = "Target Support Files/Pods-Lectures247/Pods-Lectures247.debug.xcconfig"; sourceTree = "<group>"; };
		57738113F12FCF655433ACBE /* Pods-Lectures247-tvOSTests.debug.xcconfig */ = {isa = PBXFileReference; includeInIndex = 1; lastKnownFileType = text.xcconfig; name = "Pods-Lectures247-tvOSTests.debug.xcconfig"; path = "Target Support Files/Pods-Lectures247-tvOSTests/Pods-Lectures247-tvOSTests.debug.xcconfig"; sourceTree = "<group>"; };
		57B9DEEA4A413A39036016EB /* Pods-Lectures247-tvOS.release.xcconfig */ = {isa = PBXFileReference; includeInIndex = 1; lastKnownFileType = text.xcconfig; name = "Pods-Lectures247-tvOS.release.xcconfig"; path = "Target Support Files/Pods-Lectures247-tvOS/Pods-Lectures247-tvOS.release.xcconfig"; sourceTree = "<group>"; };
		67C17E5ABB1653C3B71C1676 /* Pods-Lectures247-tvOS.debug.xcconfig */ = {isa = PBXFileReference; includeInIndex = 1; lastKnownFileType = text.xcconfig; name = "Pods-Lectures247-tvOS.debug.xcconfig"; path = "Target Support Files/Pods-Lectures247-tvOS/Pods-Lectures247-tvOS.debug.xcconfig"; sourceTree = "<group>"; };
		76041296FAE6DD0FE7E2F15D /* Pods-Lectures247-tvOSTests.release.xcconfig */ = {isa = PBXFileReference; includeInIndex = 1; lastKnownFileType = text.xcconfig; name = "Pods-Lectures247-tvOSTests.release.xcconfig"; path = "Target Support Files/Pods-Lectures247-tvOSTests/Pods-Lectures247-tvOSTests.release.xcconfig"; sourceTree = "<group>"; };
		81AB9BB72411601600AC10FF /* LaunchScreen.storyboard */ = {isa = PBXFileReference; fileEncoding = 4; lastKnownFileType = file.storyboard; name = LaunchScreen.storyboard; path = Lectures247/LaunchScreen.storyboard; sourceTree = "<group>"; };
		889033DE1D6A0E6A5B833137 /* libPods-Lectures247-tvOS.a */ = {isa = PBXFileReference; explicitFileType = archive.ar; includeInIndex = 0; path = "libPods-Lectures247-tvOS.a"; sourceTree = BUILT_PRODUCTS_DIR; };
		A2569896CFEFE970A471B6BD /* libPods-Lectures247-Lectures247Tests.a */ = {isa = PBXFileReference; explicitFileType = archive.ar; includeInIndex = 0; path = "libPods-Lectures247-Lectures247Tests.a"; sourceTree = BUILT_PRODUCTS_DIR; };
		B24E0CAFBC523C99CCA72B29 /* Pods-Lectures247-Lectures247Tests.debug.xcconfig */ = {isa = PBXFileReference; includeInIndex = 1; lastKnownFileType = text.xcconfig; name = "Pods-Lectures247-Lectures247Tests.debug.xcconfig"; path = "Target Support Files/Pods-Lectures247-Lectures247Tests/Pods-Lectures247-Lectures247Tests.debug.xcconfig"; sourceTree = "<group>"; };
		ED297162215061F000B7C4FE /* JavaScriptCore.framework */ = {isa = PBXFileReference; lastKnownFileType = wrapper.framework; name = JavaScriptCore.framework; path = System/Library/Frameworks/JavaScriptCore.framework; sourceTree = SDKROOT; };
		ED2971642150620600B7C4FE /* JavaScriptCore.framework */ = {isa = PBXFileReference; lastKnownFileType = wrapper.framework; name = JavaScriptCore.framework; path = Platforms/AppleTVOS.platform/Developer/SDKs/AppleTVOS12.0.sdk/System/Library/Frameworks/JavaScriptCore.framework; sourceTree = DEVELOPER_DIR; };
		F041BBF165028295FEE3CB23 /* Pods-Lectures247.release.xcconfig */ = {isa = PBXFileReference; includeInIndex = 1; lastKnownFileType = text.xcconfig; name = "Pods-Lectures247.release.xcconfig"; path = "Target Support Files/Pods-Lectures247/Pods-Lectures247.release.xcconfig"; sourceTree = "<group>"; };
		FF658AD8A7E28E7FA413AAD9 /* libPods-Lectures247-tvOSTests.a */ = {isa = PBXFileReference; explicitFileType = archive.ar; includeInIndex = 0; path = "libPods-Lectures247-tvOSTests.a"; sourceTree = BUILT_PRODUCTS_DIR; };
		10EE759524A142E4B7CA956B /* AntDesign.ttf */ = {isa = PBXFileReference; name = "AntDesign.ttf"; path = "../node_modules/react-native-vector-icons/Fonts/AntDesign.ttf"; sourceTree = "<group>"; fileEncoding = undefined; lastKnownFileType = unknown; explicitFileType = undefined; includeInIndex = 0; };
		2ECF263A78514EB890A4A176 /* Entypo.ttf */ = {isa = PBXFileReference; name = "Entypo.ttf"; path = "../node_modules/react-native-vector-icons/Fonts/Entypo.ttf"; sourceTree = "<group>"; fileEncoding = undefined; lastKnownFileType = unknown; explicitFileType = undefined; includeInIndex = 0; };
		B3B21A39608843DF86CE10C9 /* EvilIcons.ttf */ = {isa = PBXFileReference; name = "EvilIcons.ttf"; path = "../node_modules/react-native-vector-icons/Fonts/EvilIcons.ttf"; sourceTree = "<group>"; fileEncoding = undefined; lastKnownFileType = unknown; explicitFileType = undefined; includeInIndex = 0; };
		17CC074F2A6248DBADA11883 /* Feather.ttf */ = {isa = PBXFileReference; name = "Feather.ttf"; path = "../node_modules/react-native-vector-icons/Fonts/Feather.ttf"; sourceTree = "<group>"; fileEncoding = undefined; lastKnownFileType = unknown; explicitFileType = undefined; includeInIndex = 0; };
		09848CFBCF4E4E46B699BA53 /* FontAwesome.ttf */ = {isa = PBXFileReference; name = "FontAwesome.ttf"; path = "../node_modules/react-native-vector-icons/Fonts/FontAwesome.ttf"; sourceTree = "<group>"; fileEncoding = undefined; lastKnownFileType = unknown; explicitFileType = undefined; includeInIndex = 0; };
		FD7B9F0DFCD0466D85E35079 /* FontAwesome5_Brands.ttf */ = {isa = PBXFileReference; name = "FontAwesome5_Brands.ttf"; path = "../node_modules/react-native-vector-icons/Fonts/FontAwesome5_Brands.ttf"; sourceTree = "<group>"; fileEncoding = undefined; lastKnownFileType = unknown; explicitFileType = undefined; includeInIndex = 0; };
		43DC3AD6480F4AB2B6284B81 /* FontAwesome5_Regular.ttf */ = {isa = PBXFileReference; name = "FontAwesome5_Regular.ttf"; path = "../node_modules/react-native-vector-icons/Fonts/FontAwesome5_Regular.ttf"; sourceTree = "<group>"; fileEncoding = undefined; lastKnownFileType = unknown; explicitFileType = undefined; includeInIndex = 0; };
		76E0B97AA64D44459C669689 /* FontAwesome5_Solid.ttf */ = {isa = PBXFileReference; name = "FontAwesome5_Solid.ttf"; path = "../node_modules/react-native-vector-icons/Fonts/FontAwesome5_Solid.ttf"; sourceTree = "<group>"; fileEncoding = undefined; lastKnownFileType = unknown; explicitFileType = undefined; includeInIndex = 0; };
		BFA90284C9334ED2952A89D3 /* Fontisto.ttf */ = {isa = PBXFileReference; name = "Fontisto.ttf"; path = "../node_modules/react-native-vector-icons/Fonts/Fontisto.ttf"; sourceTree = "<group>"; fileEncoding = undefined; lastKnownFileType = unknown; explicitFileType = undefined; includeInIndex = 0; };
		9743944F42C14A889A1CA876 /* Foundation.ttf */ = {isa = PBXFileReference; name = "Foundation.ttf"; path = "../node_modules/react-native-vector-icons/Fonts/Foundation.ttf"; sourceTree = "<group>"; fileEncoding = undefined; lastKnownFileType = unknown; explicitFileType = undefined; includeInIndex = 0; };
		643E83791E7644DEAA7E8642 /* Ionicons.ttf */ = {isa = PBXFileReference; name = "Ionicons.ttf"; path = "../node_modules/react-native-vector-icons/Fonts/Ionicons.ttf"; sourceTree = "<group>"; fileEncoding = undefined; lastKnownFileType = unknown; explicitFileType = undefined; includeInIndex = 0; };
		27BB70B3251B4450BE2FC31D /* MaterialCommunityIcons.ttf */ = {isa = PBXFileReference; name = "MaterialCommunityIcons.ttf"; path = "../node_modules/react-native-vector-icons/Fonts/MaterialCommunityIcons.ttf"; sourceTree = "<group>"; fileEncoding = undefined; lastKnownFileType = unknown; explicitFileType = undefined; includeInIndex = 0; };
		97F1251AC4F74BB990D5F603 /* MaterialIcons.ttf */ = {isa = PBXFileReference; name = "MaterialIcons.ttf"; path = "../node_modules/react-native-vector-icons/Fonts/MaterialIcons.ttf"; sourceTree = "<group>"; fileEncoding = undefined; lastKnownFileType = unknown; explicitFileType = undefined; includeInIndex = 0; };
		BFA2DC7C3F8640DC8E20FED9 /* Octicons.ttf */ = {isa = PBXFileReference; name = "Octicons.ttf"; path = "../node_modules/react-native-vector-icons/Fonts/Octicons.ttf"; sourceTree = "<group>"; fileEncoding = undefined; lastKnownFileType = unknown; explicitFileType = undefined; includeInIndex = 0; };
		A5290FF63C154B4EAC51F9DE /* SimpleLineIcons.ttf */ = {isa = PBXFileReference; name = "SimpleLineIcons.ttf"; path = "../node_modules/react-native-vector-icons/Fonts/SimpleLineIcons.ttf"; sourceTree = "<group>"; fileEncoding = undefined; lastKnownFileType = unknown; explicitFileType = undefined; includeInIndex = 0; };
		3FC2640DA5C14950AC9C311C /* Zocial.ttf */ = {isa = PBXFileReference; name = "Zocial.ttf"; path = "../node_modules/react-native-vector-icons/Fonts/Zocial.ttf"; sourceTree = "<group>"; fileEncoding = undefined; lastKnownFileType = unknown; explicitFileType = undefined; includeInIndex = 0; };
		111444040AFC45838A024F07 /* Flaticon.ttf */ = {isa = PBXFileReference; name = "Flaticon.ttf"; path = "../src/assets/fonts/Flaticon.ttf"; sourceTree = "<group>"; fileEncoding = undefined; lastKnownFileType = unknown; explicitFileType = undefined; includeInIndex = 0; };
		E3A5CEF91F1E47408B6D5198 /* Montserrat-Black.ttf */ = {isa = PBXFileReference; name = "Montserrat-Black.ttf"; path = "../src/assets/fonts/Montserrat-Black.ttf"; sourceTree = "<group>"; fileEncoding = undefined; lastKnownFileType = unknown; explicitFileType = undefined; includeInIndex = 0; };
		70F567757574456FB64741E1 /* Montserrat-BlackItalic.ttf */ = {isa = PBXFileReference; name = "Montserrat-BlackItalic.ttf"; path = "../src/assets/fonts/Montserrat-BlackItalic.ttf"; sourceTree = "<group>"; fileEncoding = undefined; lastKnownFileType = unknown; explicitFileType = undefined; includeInIndex = 0; };
		743F1794D6194B358F387A91 /* Montserrat-Bold.ttf */ = {isa = PBXFileReference; name = "Montserrat-Bold.ttf"; path = "../src/assets/fonts/Montserrat-Bold.ttf"; sourceTree = "<group>"; fileEncoding = undefined; lastKnownFileType = unknown; explicitFileType = undefined; includeInIndex = 0; };
		D9A9F7C043C74553B3B5B3FB /* Montserrat-BoldItalic.ttf */ = {isa = PBXFileReference; name = "Montserrat-BoldItalic.ttf"; path = "../src/assets/fonts/Montserrat-BoldItalic.ttf"; sourceTree = "<group>"; fileEncoding = undefined; lastKnownFileType = unknown; explicitFileType = undefined; includeInIndex = 0; };
		700B059DF25A466886A7F448 /* Montserrat-ExtraBold.ttf */ = {isa = PBXFileReference; name = "Montserrat-ExtraBold.ttf"; path = "../src/assets/fonts/Montserrat-ExtraBold.ttf"; sourceTree = "<group>"; fileEncoding = undefined; lastKnownFileType = unknown; explicitFileType = undefined; includeInIndex = 0; };
		B741A2CA22D9427A97C1CB5E /* Montserrat-ExtraBoldItalic.ttf */ = {isa = PBXFileReference; name = "Montserrat-ExtraBoldItalic.ttf"; path = "../src/assets/fonts/Montserrat-ExtraBoldItalic.ttf"; sourceTree = "<group>"; fileEncoding = undefined; lastKnownFileType = unknown; explicitFileType = undefined; includeInIndex = 0; };
		7ACAE787E8A14FAC9CDABFF1 /* Montserrat-ExtraLight.ttf */ = {isa = PBXFileReference; name = "Montserrat-ExtraLight.ttf"; path = "../src/assets/fonts/Montserrat-ExtraLight.ttf"; sourceTree = "<group>"; fileEncoding = undefined; lastKnownFileType = unknown; explicitFileType = undefined; includeInIndex = 0; };
		A08D89B8F67842E8ADD7077A /* Montserrat-ExtraLightItalic.ttf */ = {isa = PBXFileReference; name = "Montserrat-ExtraLightItalic.ttf"; path = "../src/assets/fonts/Montserrat-ExtraLightItalic.ttf"; sourceTree = "<group>"; fileEncoding = undefined; lastKnownFileType = unknown; explicitFileType = undefined; includeInIndex = 0; };
		C1C71063C3284AAF95B59FDF /* Montserrat-Italic.ttf */ = {isa = PBXFileReference; name = "Montserrat-Italic.ttf"; path = "../src/assets/fonts/Montserrat-Italic.ttf"; sourceTree = "<group>"; fileEncoding = undefined; lastKnownFileType = unknown; explicitFileType = undefined; includeInIndex = 0; };
		A3B15A0C87604D82A6E2B67B /* Montserrat-Light.ttf */ = {isa = PBXFileReference; name = "Montserrat-Light.ttf"; path = "../src/assets/fonts/Montserrat-Light.ttf"; sourceTree = "<group>"; fileEncoding = undefined; lastKnownFileType = unknown; explicitFileType = undefined; includeInIndex = 0; };
		B5490229C731470B9537D804 /* Montserrat-LightItalic.ttf */ = {isa = PBXFileReference; name = "Montserrat-LightItalic.ttf"; path = "../src/assets/fonts/Montserrat-LightItalic.ttf"; sourceTree = "<group>"; fileEncoding = undefined; lastKnownFileType = unknown; explicitFileType = undefined; includeInIndex = 0; };
		D6C01114A53A4C12839EE139 /* Montserrat-Medium.ttf */ = {isa = PBXFileReference; name = "Montserrat-Medium.ttf"; path = "../src/assets/fonts/Montserrat-Medium.ttf"; sourceTree = "<group>"; fileEncoding = undefined; lastKnownFileType = unknown; explicitFileType = undefined; includeInIndex = 0; };
		6CDC53F8AFF94512878D03D8 /* Montserrat-MediumItalic.ttf */ = {isa = PBXFileReference; name = "Montserrat-MediumItalic.ttf"; path = "../src/assets/fonts/Montserrat-MediumItalic.ttf"; sourceTree = "<group>"; fileEncoding = undefined; lastKnownFileType = unknown; explicitFileType = undefined; includeInIndex = 0; };
		8992A532777D46EB8CDF4C0E /* Montserrat-Regular.ttf */ = {isa = PBXFileReference; name = "Montserrat-Regular.ttf"; path = "../src/assets/fonts/Montserrat-Regular.ttf"; sourceTree = "<group>"; fileEncoding = undefined; lastKnownFileType = unknown; explicitFileType = undefined; includeInIndex = 0; };
		47A980FE6FED4703A5287FD0 /* Montserrat-SemiBold.ttf */ = {isa = PBXFileReference; name = "Montserrat-SemiBold.ttf"; path = "../src/assets/fonts/Montserrat-SemiBold.ttf"; sourceTree = "<group>"; fileEncoding = undefined; lastKnownFileType = unknown; explicitFileType = undefined; includeInIndex = 0; };
		34B1EFD4002E469B9F9DA2EE /* Montserrat-SemiBoldItalic.ttf */ = {isa = PBXFileReference; name = "Montserrat-SemiBoldItalic.ttf"; path = "../src/assets/fonts/Montserrat-SemiBoldItalic.ttf"; sourceTree = "<group>"; fileEncoding = undefined; lastKnownFileType = unknown; explicitFileType = undefined; includeInIndex = 0; };
		12ABEFBD57E8450C9518C423 /* Montserrat-Thin.ttf */ = {isa = PBXFileReference; name = "Montserrat-Thin.ttf"; path = "../src/assets/fonts/Montserrat-Thin.ttf"; sourceTree = "<group>"; fileEncoding = undefined; lastKnownFileType = unknown; explicitFileType = undefined; includeInIndex = 0; };
		7E97EAD607CC4AAA8B35298A /* Montserrat-ThinItalic.ttf */ = {isa = PBXFileReference; name = "Montserrat-ThinItalic.ttf"; path = "../src/assets/fonts/Montserrat-ThinItalic.ttf"; sourceTree = "<group>"; fileEncoding = undefined; lastKnownFileType = unknown; explicitFileType = undefined; includeInIndex = 0; };
		CC78CD1AA1884A52B34A5091 /* AntDesign.ttf */ = {isa = PBXFileReference; name = "AntDesign.ttf"; path = "../node_modules/native-base/Fonts/AntDesign.ttf"; sourceTree = "<group>"; fileEncoding = undefined; lastKnownFileType = unknown; explicitFileType = undefined; includeInIndex = 0; };
		B1B21C66B5AF4D15AD956A72 /* Entypo.ttf */ = {isa = PBXFileReference; name = "Entypo.ttf"; path = "../node_modules/native-base/Fonts/Entypo.ttf"; sourceTree = "<group>"; fileEncoding = undefined; lastKnownFileType = unknown; explicitFileType = undefined; includeInIndex = 0; };
		0278067D29CE46CFAC643A94 /* EvilIcons.ttf */ = {isa = PBXFileReference; name = "EvilIcons.ttf"; path = "../node_modules/native-base/Fonts/EvilIcons.ttf"; sourceTree = "<group>"; fileEncoding = undefined; lastKnownFileType = unknown; explicitFileType = undefined; includeInIndex = 0; };
		68F61A46DCA247DB9653A5D9 /* Feather.ttf */ = {isa = PBXFileReference; name = "Feather.ttf"; path = "../node_modules/native-base/Fonts/Feather.ttf"; sourceTree = "<group>"; fileEncoding = undefined; lastKnownFileType = unknown; explicitFileType = undefined; includeInIndex = 0; };
		0A759478703342F4923124AC /* FontAwesome.ttf */ = {isa = PBXFileReference; name = "FontAwesome.ttf"; path = "../node_modules/native-base/Fonts/FontAwesome.ttf"; sourceTree = "<group>"; fileEncoding = undefined; lastKnownFileType = unknown; explicitFileType = undefined; includeInIndex = 0; };
		4ADC8A00C8B54362B2EEFBC1 /* FontAwesome5_Brands.ttf */ = {isa = PBXFileReference; name = "FontAwesome5_Brands.ttf"; path = "../node_modules/native-base/Fonts/FontAwesome5_Brands.ttf"; sourceTree = "<group>"; fileEncoding = undefined; lastKnownFileType = unknown; explicitFileType = undefined; includeInIndex = 0; };
		47A402D775BD4AE1B3B12FE4 /* FontAwesome5_Regular.ttf */ = {isa = PBXFileReference; name = "FontAwesome5_Regular.ttf"; path = "../node_modules/native-base/Fonts/FontAwesome5_Regular.ttf"; sourceTree = "<group>"; fileEncoding = undefined; lastKnownFileType = unknown; explicitFileType = undefined; includeInIndex = 0; };
		827C4C053CC6436E8DB8BC9E /* FontAwesome5_Solid.ttf */ = {isa = PBXFileReference; name = "FontAwesome5_Solid.ttf"; path = "../node_modules/native-base/Fonts/FontAwesome5_Solid.ttf"; sourceTree = "<group>"; fileEncoding = undefined; lastKnownFileType = unknown; explicitFileType = undefined; includeInIndex = 0; };
		4F9253FC5F8D4F3EBE545309 /* Fontisto.ttf */ = {isa = PBXFileReference; name = "Fontisto.ttf"; path = "../node_modules/native-base/Fonts/Fontisto.ttf"; sourceTree = "<group>"; fileEncoding = undefined; lastKnownFileType = unknown; explicitFileType = undefined; includeInIndex = 0; };
		2B228006B4014A5E9C032370 /* Foundation.ttf */ = {isa = PBXFileReference; name = "Foundation.ttf"; path = "../node_modules/native-base/Fonts/Foundation.ttf"; sourceTree = "<group>"; fileEncoding = undefined; lastKnownFileType = unknown; explicitFileType = undefined; includeInIndex = 0; };
		1D9C286D98654D088DC124F3 /* Ionicons.ttf */ = {isa = PBXFileReference; name = "Ionicons.ttf"; path = "../node_modules/native-base/Fonts/Ionicons.ttf"; sourceTree = "<group>"; fileEncoding = undefined; lastKnownFileType = unknown; explicitFileType = undefined; includeInIndex = 0; };
		32507D7988314837BA62419D /* MaterialCommunityIcons.ttf */ = {isa = PBXFileReference; name = "MaterialCommunityIcons.ttf"; path = "../node_modules/native-base/Fonts/MaterialCommunityIcons.ttf"; sourceTree = "<group>"; fileEncoding = undefined; lastKnownFileType = unknown; explicitFileType = undefined; includeInIndex = 0; };
		A9977A42962747F98AA978D2 /* MaterialIcons.ttf */ = {isa = PBXFileReference; name = "MaterialIcons.ttf"; path = "../node_modules/native-base/Fonts/MaterialIcons.ttf"; sourceTree = "<group>"; fileEncoding = undefined; lastKnownFileType = unknown; explicitFileType = undefined; includeInIndex = 0; };
		CC17ABD5596C4734B7BBFA77 /* Octicons.ttf */ = {isa = PBXFileReference; name = "Octicons.ttf"; path = "../node_modules/native-base/Fonts/Octicons.ttf"; sourceTree = "<group>"; fileEncoding = undefined; lastKnownFileType = unknown; explicitFileType = undefined; includeInIndex = 0; };
		EFD6B03EE0634217A4181299 /* Roboto_medium.ttf */ = {isa = PBXFileReference; name = "Roboto_medium.ttf"; path = "../node_modules/native-base/Fonts/Roboto_medium.ttf"; sourceTree = "<group>"; fileEncoding = undefined; lastKnownFileType = unknown; explicitFileType = undefined; includeInIndex = 0; };
		4AF52D54C01F469093A5558F /* Roboto.ttf */ = {isa = PBXFileReference; name = "Roboto.ttf"; path = "../node_modules/native-base/Fonts/Roboto.ttf"; sourceTree = "<group>"; fileEncoding = undefined; lastKnownFileType = unknown; explicitFileType = undefined; includeInIndex = 0; };
		3A12EE6F1C45499FBBED7730 /* rubicon-icon-font.ttf */ = {isa = PBXFileReference; name = "rubicon-icon-font.ttf"; path = "../node_modules/native-base/Fonts/rubicon-icon-font.ttf"; sourceTree = "<group>"; fileEncoding = undefined; lastKnownFileType = unknown; explicitFileType = undefined; includeInIndex = 0; };
		90A2A44BE177475181202341 /* SimpleLineIcons.ttf */ = {isa = PBXFileReference; name = "SimpleLineIcons.ttf"; path = "../node_modules/native-base/Fonts/SimpleLineIcons.ttf"; sourceTree = "<group>"; fileEncoding = undefined; lastKnownFileType = unknown; explicitFileType = undefined; includeInIndex = 0; };
		E3B02F41968C405E86B30C26 /* Zocial.ttf */ = {isa = PBXFileReference; name = "Zocial.ttf"; path = "../node_modules/native-base/Fonts/Zocial.ttf"; sourceTree = "<group>"; fileEncoding = undefined; lastKnownFileType = unknown; explicitFileType = undefined; includeInIndex = 0; };
/* End PBXFileReference section */

/* Begin PBXFrameworksBuildPhase section */
		00E356EB1AD99517003FC87E /* Frameworks */ = {
			isa = PBXFrameworksBuildPhase;
			buildActionMask = 2147483647;
			files = (
				FF35745330AE6BDEDE959630 /* libPods-Lectures247-Lectures247Tests.a in Frameworks */,
			);
			runOnlyForDeploymentPostprocessing = 0;
		};
		13B07F8C1A680F5B00A75B9A /* Frameworks */ = {
			isa = PBXFrameworksBuildPhase;
			buildActionMask = 2147483647;
			files = (
				7E346CFA90A0495FA91001C5 /* libPods-Lectures247.a in Frameworks */,
			);
			runOnlyForDeploymentPostprocessing = 0;
		};
		2D02E4781E0B4A5D006451C7 /* Frameworks */ = {
			isa = PBXFrameworksBuildPhase;
			buildActionMask = 2147483647;
			files = (
				733F5DFA93565D59F4341229 /* libPods-Lectures247-tvOS.a in Frameworks */,
			);
			runOnlyForDeploymentPostprocessing = 0;
		};
		2D02E48D1E0B4A5D006451C7 /* Frameworks */ = {
			isa = PBXFrameworksBuildPhase;
			buildActionMask = 2147483647;
			files = (
				8996F05221DA11A7C82A8E7D /* libPods-Lectures247-tvOSTests.a in Frameworks */,
			);
			runOnlyForDeploymentPostprocessing = 0;
		};
/* End PBXFrameworksBuildPhase section */

/* Begin PBXGroup section */
		00E356EF1AD99517003FC87E /* Lectures247Tests */ = {
			isa = PBXGroup;
			children = (
				00E356F21AD99517003FC87E /* Lectures247Tests.m */,
				00E356F01AD99517003FC87E /* Supporting Files */,
			);
			path = Lectures247Tests;
			sourceTree = "<group>";
		};
		00E356F01AD99517003FC87E /* Supporting Files */ = {
			isa = PBXGroup;
			children = (
				00E356F11AD99517003FC87E /* Info.plist */,
			);
			name = "Supporting Files";
			sourceTree = "<group>";
		};
		13B07FAE1A68108700A75B9A /* Lectures247 */ = {
			isa = PBXGroup;
			children = (
				008F07F21AC5B25A0029DE68 /* main.jsbundle */,
				13B07FAF1A68108700A75B9A /* AppDelegate.h */,
				13B07FB01A68108700A75B9A /* AppDelegate.m */,
				13B07FB51A68108700A75B9A /* Images.xcassets */,
				13B07FB61A68108700A75B9A /* Info.plist */,
				81AB9BB72411601600AC10FF /* LaunchScreen.storyboard */,
				13B07FB71A68108700A75B9A /* main.m */,
			);
			name = Lectures247;
			sourceTree = "<group>";
		};
		2D16E6871FA4F8E400B85C8A /* Frameworks */ = {
			isa = PBXGroup;
			children = (
				ED297162215061F000B7C4FE /* JavaScriptCore.framework */,
				ED2971642150620600B7C4FE /* JavaScriptCore.framework */,
				27036185849D8C2ABFD7BD00 /* libPods-Lectures247.a */,
				A2569896CFEFE970A471B6BD /* libPods-Lectures247-Lectures247Tests.a */,
				889033DE1D6A0E6A5B833137 /* libPods-Lectures247-tvOS.a */,
				FF658AD8A7E28E7FA413AAD9 /* libPods-Lectures247-tvOSTests.a */,
			);
			name = Frameworks;
			sourceTree = "<group>";
		};
		832341AE1AAA6A7D00B99B32 /* Libraries */ = {
			isa = PBXGroup;
			children = (
			);
			name = Libraries;
			sourceTree = "<group>";
		};
		83CBB9F61A601CBA00E9B192 = {
			isa = PBXGroup;
			children = (
				13B07FAE1A68108700A75B9A /* Lectures247 */,
				832341AE1AAA6A7D00B99B32 /* Libraries */,
				00E356EF1AD99517003FC87E /* Lectures247Tests */,
				83CBBA001A601CBA00E9B192 /* Products */,
				2D16E6871FA4F8E400B85C8A /* Frameworks */,
				DEEFEDB54499A16F437BF588 /* Pods */,
				2B3BBFC2384541D18C753564 /* Resources */,
			);
			indentWidth = 2;
			sourceTree = "<group>";
			tabWidth = 2;
			usesTabs = 0;
		};
		83CBBA001A601CBA00E9B192 /* Products */ = {
			isa = PBXGroup;
			children = (
				13B07F961A680F5B00A75B9A /* Lectures247.app */,
				00E356EE1AD99517003FC87E /* Lectures247Tests.xctest */,
				2D02E47B1E0B4A5D006451C7 /* Lectures247-tvOS.app */,
				2D02E4901E0B4A5D006451C7 /* Lectures247-tvOSTests.xctest */,
			);
			name = Products;
			sourceTree = "<group>";
		};
		DEEFEDB54499A16F437BF588 /* Pods */ = {
			isa = PBXGroup;
			children = (
				2FAD4AB96B8DDB3A4D676800 /* Pods-Lectures247.debug.xcconfig */,
				F041BBF165028295FEE3CB23 /* Pods-Lectures247.release.xcconfig */,
				B24E0CAFBC523C99CCA72B29 /* Pods-Lectures247-Lectures247Tests.debug.xcconfig */,
				23710D8D83A0604E323435B6 /* Pods-Lectures247-Lectures247Tests.release.xcconfig */,
				67C17E5ABB1653C3B71C1676 /* Pods-Lectures247-tvOS.debug.xcconfig */,
				57B9DEEA4A413A39036016EB /* Pods-Lectures247-tvOS.release.xcconfig */,
				57738113F12FCF655433ACBE /* Pods-Lectures247-tvOSTests.debug.xcconfig */,
				76041296FAE6DD0FE7E2F15D /* Pods-Lectures247-tvOSTests.release.xcconfig */,
			);
			name = Pods;
			path = Pods;
			sourceTree = "<group>";
		};
		2B3BBFC2384541D18C753564 /* Resources */ = {
			isa = "PBXGroup";
			children = (
				10EE759524A142E4B7CA956B /* AntDesign.ttf */,
				2ECF263A78514EB890A4A176 /* Entypo.ttf */,
				B3B21A39608843DF86CE10C9 /* EvilIcons.ttf */,
				17CC074F2A6248DBADA11883 /* Feather.ttf */,
				09848CFBCF4E4E46B699BA53 /* FontAwesome.ttf */,
				FD7B9F0DFCD0466D85E35079 /* FontAwesome5_Brands.ttf */,
				43DC3AD6480F4AB2B6284B81 /* FontAwesome5_Regular.ttf */,
				76E0B97AA64D44459C669689 /* FontAwesome5_Solid.ttf */,
				BFA90284C9334ED2952A89D3 /* Fontisto.ttf */,
				9743944F42C14A889A1CA876 /* Foundation.ttf */,
				643E83791E7644DEAA7E8642 /* Ionicons.ttf */,
				27BB70B3251B4450BE2FC31D /* MaterialCommunityIcons.ttf */,
				97F1251AC4F74BB990D5F603 /* MaterialIcons.ttf */,
				BFA2DC7C3F8640DC8E20FED9 /* Octicons.ttf */,
				A5290FF63C154B4EAC51F9DE /* SimpleLineIcons.ttf */,
				3FC2640DA5C14950AC9C311C /* Zocial.ttf */,
				111444040AFC45838A024F07 /* Flaticon.ttf */,
				E3A5CEF91F1E47408B6D5198 /* Montserrat-Black.ttf */,
				70F567757574456FB64741E1 /* Montserrat-BlackItalic.ttf */,
				743F1794D6194B358F387A91 /* Montserrat-Bold.ttf */,
				D9A9F7C043C74553B3B5B3FB /* Montserrat-BoldItalic.ttf */,
				700B059DF25A466886A7F448 /* Montserrat-ExtraBold.ttf */,
				B741A2CA22D9427A97C1CB5E /* Montserrat-ExtraBoldItalic.ttf */,
				7ACAE787E8A14FAC9CDABFF1 /* Montserrat-ExtraLight.ttf */,
				A08D89B8F67842E8ADD7077A /* Montserrat-ExtraLightItalic.ttf */,
				C1C71063C3284AAF95B59FDF /* Montserrat-Italic.ttf */,
				A3B15A0C87604D82A6E2B67B /* Montserrat-Light.ttf */,
				B5490229C731470B9537D804 /* Montserrat-LightItalic.ttf */,
				D6C01114A53A4C12839EE139 /* Montserrat-Medium.ttf */,
				6CDC53F8AFF94512878D03D8 /* Montserrat-MediumItalic.ttf */,
				8992A532777D46EB8CDF4C0E /* Montserrat-Regular.ttf */,
				47A980FE6FED4703A5287FD0 /* Montserrat-SemiBold.ttf */,
				34B1EFD4002E469B9F9DA2EE /* Montserrat-SemiBoldItalic.ttf */,
				12ABEFBD57E8450C9518C423 /* Montserrat-Thin.ttf */,
				7E97EAD607CC4AAA8B35298A /* Montserrat-ThinItalic.ttf */,
				CC78CD1AA1884A52B34A5091 /* AntDesign.ttf */,
				B1B21C66B5AF4D15AD956A72 /* Entypo.ttf */,
				0278067D29CE46CFAC643A94 /* EvilIcons.ttf */,
				68F61A46DCA247DB9653A5D9 /* Feather.ttf */,
				0A759478703342F4923124AC /* FontAwesome.ttf */,
				4ADC8A00C8B54362B2EEFBC1 /* FontAwesome5_Brands.ttf */,
				47A402D775BD4AE1B3B12FE4 /* FontAwesome5_Regular.ttf */,
				827C4C053CC6436E8DB8BC9E /* FontAwesome5_Solid.ttf */,
				4F9253FC5F8D4F3EBE545309 /* Fontisto.ttf */,
				2B228006B4014A5E9C032370 /* Foundation.ttf */,
				1D9C286D98654D088DC124F3 /* Ionicons.ttf */,
				32507D7988314837BA62419D /* MaterialCommunityIcons.ttf */,
				A9977A42962747F98AA978D2 /* MaterialIcons.ttf */,
				CC17ABD5596C4734B7BBFA77 /* Octicons.ttf */,
				EFD6B03EE0634217A4181299 /* Roboto_medium.ttf */,
				4AF52D54C01F469093A5558F /* Roboto.ttf */,
				3A12EE6F1C45499FBBED7730 /* rubicon-icon-font.ttf */,
				90A2A44BE177475181202341 /* SimpleLineIcons.ttf */,
				E3B02F41968C405E86B30C26 /* Zocial.ttf */,
			);
			name = Resources;
			sourceTree = "<group>";
			path = "";
		};
/* End PBXGroup section */

/* Begin PBXNativeTarget section */
		00E356ED1AD99517003FC87E /* Lectures247Tests */ = {
			isa = PBXNativeTarget;
			buildConfigurationList = 00E357021AD99517003FC87E /* Build configuration list for PBXNativeTarget "Lectures247Tests" */;
			buildPhases = (
				848855D8FBADF641902AFBBA /* [CP] Check Pods Manifest.lock */,
				00E356EA1AD99517003FC87E /* Sources */,
				00E356EB1AD99517003FC87E /* Frameworks */,
				00E356EC1AD99517003FC87E /* Resources */,
				DACE42A2EB932C31BFF62FAB /* [CP] Copy Pods Resources */,
			);
			buildRules = (
			);
			dependencies = (
				00E356F51AD99517003FC87E /* PBXTargetDependency */,
			);
			name = Lectures247Tests;
			productName = Lectures247Tests;
			productReference = 00E356EE1AD99517003FC87E /* Lectures247Tests.xctest */;
			productType = "com.apple.product-type.bundle.unit-test";
		};
		13B07F861A680F5B00A75B9A /* Lectures247 */ = {
			isa = PBXNativeTarget;
			buildConfigurationList = 13B07F931A680F5B00A75B9A /* Build configuration list for PBXNativeTarget "Lectures247" */;
			buildPhases = (
				7EC1D0FAE20CC3D2075782C9 /* [CP] Check Pods Manifest.lock */,
				FD10A7F022414F080027D42C /* Start Packager */,
				13B07F871A680F5B00A75B9A /* Sources */,
				13B07F8C1A680F5B00A75B9A /* Frameworks */,
				13B07F8E1A680F5B00A75B9A /* Resources */,
				00DD1BFF1BD5951E006B06BC /* Bundle React Native code and images */,
				0E65493B00513AE26E946F73 /* [CP] Copy Pods Resources */,
			);
			buildRules = (
			);
			dependencies = (
			);
			name = Lectures247;
			productName = Lectures247;
			productReference = 13B07F961A680F5B00A75B9A /* Lectures247.app */;
			productType = "com.apple.product-type.application";
		};
		2D02E47A1E0B4A5D006451C7 /* Lectures247-tvOS */ = {
			isa = PBXNativeTarget;
			buildConfigurationList = 2D02E4BA1E0B4A5E006451C7 /* Build configuration list for PBXNativeTarget "Lectures247-tvOS" */;
			buildPhases = (
				48F34618EA32901AA4F0AB1D /* [CP] Check Pods Manifest.lock */,
				FD10A7F122414F3F0027D42C /* Start Packager */,
				2D02E4771E0B4A5D006451C7 /* Sources */,
				2D02E4781E0B4A5D006451C7 /* Frameworks */,
				2D02E4791E0B4A5D006451C7 /* Resources */,
				2D02E4CB1E0B4B27006451C7 /* Bundle React Native Code And Images */,
			);
			buildRules = (
			);
			dependencies = (
			);
			name = "Lectures247-tvOS";
			productName = "Lectures247-tvOS";
			productReference = 2D02E47B1E0B4A5D006451C7 /* Lectures247-tvOS.app */;
			productType = "com.apple.product-type.application";
		};
		2D02E48F1E0B4A5D006451C7 /* Lectures247-tvOSTests */ = {
			isa = PBXNativeTarget;
			buildConfigurationList = 2D02E4BB1E0B4A5E006451C7 /* Build configuration list for PBXNativeTarget "Lectures247-tvOSTests" */;
			buildPhases = (
				A2C238DB990A4F6008988EA1 /* [CP] Check Pods Manifest.lock */,
				2D02E48C1E0B4A5D006451C7 /* Sources */,
				2D02E48D1E0B4A5D006451C7 /* Frameworks */,
				2D02E48E1E0B4A5D006451C7 /* Resources */,
			);
			buildRules = (
			);
			dependencies = (
				2D02E4921E0B4A5D006451C7 /* PBXTargetDependency */,
			);
			name = "Lectures247-tvOSTests";
			productName = "Lectures247-tvOSTests";
			productReference = 2D02E4901E0B4A5D006451C7 /* Lectures247-tvOSTests.xctest */;
			productType = "com.apple.product-type.bundle.unit-test";
		};
/* End PBXNativeTarget section */

/* Begin PBXProject section */
		83CBB9F71A601CBA00E9B192 /* Project object */ = {
			isa = PBXProject;
			attributes = {
				LastUpgradeCheck = 1130;
				TargetAttributes = {
					00E356ED1AD99517003FC87E = {
						CreatedOnToolsVersion = 6.2;
						TestTargetID = 13B07F861A680F5B00A75B9A;
					};
					13B07F861A680F5B00A75B9A = {
						LastSwiftMigration = 1120;
					};
					2D02E47A1E0B4A5D006451C7 = {
						CreatedOnToolsVersion = 8.2.1;
						ProvisioningStyle = Automatic;
					};
					2D02E48F1E0B4A5D006451C7 = {
						CreatedOnToolsVersion = 8.2.1;
						ProvisioningStyle = Automatic;
						TestTargetID = 2D02E47A1E0B4A5D006451C7;
					};
				};
			};
			buildConfigurationList = 83CBB9FA1A601CBA00E9B192 /* Build configuration list for PBXProject "Lectures247" */;
			compatibilityVersion = "Xcode 3.2";
			developmentRegion = en;
			hasScannedForEncodings = 0;
			knownRegions = (
				en,
				Base,
			);
			mainGroup = 83CBB9F61A601CBA00E9B192;
			productRefGroup = 83CBBA001A601CBA00E9B192 /* Products */;
			projectDirPath = "";
			projectRoot = "";
			targets = (
				13B07F861A680F5B00A75B9A /* Lectures247 */,
				00E356ED1AD99517003FC87E /* Lectures247Tests */,
				2D02E47A1E0B4A5D006451C7 /* Lectures247-tvOS */,
				2D02E48F1E0B4A5D006451C7 /* Lectures247-tvOSTests */,
			);
		};
/* End PBXProject section */

/* Begin PBXResourcesBuildPhase section */
		00E356EC1AD99517003FC87E /* Resources */ = {
			isa = PBXResourcesBuildPhase;
			buildActionMask = 2147483647;
			files = (
			);
			runOnlyForDeploymentPostprocessing = 0;
		};
		13B07F8E1A680F5B00A75B9A /* Resources */ = {
			isa = PBXResourcesBuildPhase;
			buildActionMask = 2147483647;
			files = (
				81AB9BB82411601600AC10FF /* LaunchScreen.storyboard in Resources */,
				13B07FBF1A68108700A75B9A /* Images.xcassets in Resources */,
				30E3A28F0CD34EF0A6A203B0 /* AntDesign.ttf in Resources */,
				322369B3BD7F455EB31EA4CE /* Entypo.ttf in Resources */,
				1C69899360C749299DD9C4B4 /* EvilIcons.ttf in Resources */,
				68FC185BE9A8440FB470594C /* Feather.ttf in Resources */,
				8BFB83BB00874520BF10E614 /* FontAwesome.ttf in Resources */,
				3FBE801BD61745AFB2BDE454 /* FontAwesome5_Brands.ttf in Resources */,
				5267C1A9607E49F1AA6EE43C /* FontAwesome5_Regular.ttf in Resources */,
				98C3EB0FC8E24D5B8C17BAF4 /* FontAwesome5_Solid.ttf in Resources */,
				515E774BC3DF4EBC8C17737A /* Fontisto.ttf in Resources */,
				DA80AD5CDC1247DA9C11F979 /* Foundation.ttf in Resources */,
				FC57727D5A8148B682341DF9 /* Ionicons.ttf in Resources */,
				20B51B55B8194812B655F279 /* MaterialCommunityIcons.ttf in Resources */,
				78049F2535ED43D493F323F5 /* MaterialIcons.ttf in Resources */,
				328C688978BA4393AC86F7DE /* Octicons.ttf in Resources */,
				F952D40B9974401E9B80FFD1 /* SimpleLineIcons.ttf in Resources */,
				21031144841E4350A2296F65 /* Zocial.ttf in Resources */,
				8261AEE0813A49C88492098D /* Flaticon.ttf in Resources */,
				99F730CCDDE2438BBB7142DD /* Montserrat-Black.ttf in Resources */,
				0CC03A5B5EA2468EAF3BBD54 /* Montserrat-BlackItalic.ttf in Resources */,
				DEFCF4D3155140F2A0A3D5B6 /* Montserrat-Bold.ttf in Resources */,
				8B7BC5EBCF684BA780559612 /* Montserrat-BoldItalic.ttf in Resources */,
				0957BDF9EE284AB7ABF0F4E1 /* Montserrat-ExtraBold.ttf in Resources */,
				82912EC1C3DC4EB9AA9E944D /* Montserrat-ExtraBoldItalic.ttf in Resources */,
				B6E6674BBF9B405BA254E95B /* Montserrat-ExtraLight.ttf in Resources */,
				D72E0A6CFDFB4533AA19BE5C /* Montserrat-ExtraLightItalic.ttf in Resources */,
				6F1E7BD4721F4F27B21301C6 /* Montserrat-Italic.ttf in Resources */,
				DAF66E7F832544F7B3DF7388 /* Montserrat-Light.ttf in Resources */,
				C51AA8C5D7F2416283FBBB93 /* Montserrat-LightItalic.ttf in Resources */,
				715E8BAA5D9B482EB0951AFA /* Montserrat-Medium.ttf in Resources */,
				D5339EFBB7334A3189904A74 /* Montserrat-MediumItalic.ttf in Resources */,
				F76EC0C6D1FD40EFB3338DA8 /* Montserrat-Regular.ttf in Resources */,
				524C9CE1BFB24CFBA5A3A5B9 /* Montserrat-SemiBold.ttf in Resources */,
				03F6792DAAF14153A34B98F6 /* Montserrat-SemiBoldItalic.ttf in Resources */,
				D2AA22F1D62547B09FB80531 /* Montserrat-Thin.ttf in Resources */,
				FA7FFF6258A945A583A56FD2 /* Montserrat-ThinItalic.ttf in Resources */,
				8A9E558566644300B5FBD8B5 /* AntDesign.ttf in Resources */,
				4E34EFB5F7594E27AC12EEC1 /* Entypo.ttf in Resources */,
				D54AE7049D57426DBE06184A /* EvilIcons.ttf in Resources */,
				E96A5C9F4A9C4EB59F00508B /* Feather.ttf in Resources */,
				04000336746143899E5321B7 /* FontAwesome.ttf in Resources */,
				E39924A06FC64A039FE45C6B /* FontAwesome5_Brands.ttf in Resources */,
				6AC27D0ECFBA4C3EAA6D4D92 /* FontAwesome5_Regular.ttf in Resources */,
				98FF2793189B41479E57122D /* FontAwesome5_Solid.ttf in Resources */,
				5700B0711E6E47F6BF842A2A /* Fontisto.ttf in Resources */,
				311AD2CDB8F3470AB2EC617B /* Foundation.ttf in Resources */,
				CAC93B41A4CB4DE78EB509A8 /* Ionicons.ttf in Resources */,
				2E46DA0C156B465C9009167A /* MaterialCommunityIcons.ttf in Resources */,
				7F88A911CB844D0B8087FB10 /* MaterialIcons.ttf in Resources */,
				68FF734769FA4325A18C4928 /* Octicons.ttf in Resources */,
				C5172D971B4A4AF1A5760414 /* Roboto_medium.ttf in Resources */,
				167B9713453942B3AFE4227D /* Roboto.ttf in Resources */,
				21F72DED26DF45ACA246D252 /* rubicon-icon-font.ttf in Resources */,
				895D6882BC0340BDA5949385 /* SimpleLineIcons.ttf in Resources */,
				050830AD0CA74797A172976B /* Zocial.ttf in Resources */,
			);
			runOnlyForDeploymentPostprocessing = 0;
		};
		2D02E4791E0B4A5D006451C7 /* Resources */ = {
			isa = PBXResourcesBuildPhase;
			buildActionMask = 2147483647;
			files = (
				2D02E4BD1E0B4A84006451C7 /* Images.xcassets in Resources */,
			);
			runOnlyForDeploymentPostprocessing = 0;
		};
		2D02E48E1E0B4A5D006451C7 /* Resources */ = {
			isa = PBXResourcesBuildPhase;
			buildActionMask = 2147483647;
			files = (
			);
			runOnlyForDeploymentPostprocessing = 0;
		};
/* End PBXResourcesBuildPhase section */

/* Begin PBXShellScriptBuildPhase section */
		00DD1BFF1BD5951E006B06BC /* Bundle React Native code and images */ = {
			isa = PBXShellScriptBuildPhase;
			buildActionMask = 2147483647;
			files = (
			);
			inputPaths = (
			);
			name = "Bundle React Native code and images";
			outputPaths = (
			);
			runOnlyForDeploymentPostprocessing = 0;
			shellPath = /bin/sh;
			shellScript = "export NODE_BINARY=node\n../node_modules/react-native/scripts/react-native-xcode.sh";
		};
		0E65493B00513AE26E946F73 /* [CP] Copy Pods Resources */ = {
			isa = PBXShellScriptBuildPhase;
			buildActionMask = 2147483647;
			files = (
			);
			inputPaths = (
				"${PODS_ROOT}/Target Support Files/Pods-Lectures247/Pods-Lectures247-resources.sh",
				"${PODS_CONFIGURATION_BUILD_DIR}/React-Core/AccessibilityResources.bundle",
			);
			name = "[CP] Copy Pods Resources";
			outputPaths = (
				"${TARGET_BUILD_DIR}/${UNLOCALIZED_RESOURCES_FOLDER_PATH}/AccessibilityResources.bundle",
			);
			runOnlyForDeploymentPostprocessing = 0;
			shellPath = /bin/sh;
			shellScript = "\"${PODS_ROOT}/Target Support Files/Pods-Lectures247/Pods-Lectures247-resources.sh\"\n";
			showEnvVarsInLog = 0;
		};
		2D02E4CB1E0B4B27006451C7 /* Bundle React Native Code And Images */ = {
			isa = PBXShellScriptBuildPhase;
			buildActionMask = 2147483647;
			files = (
			);
			inputPaths = (
			);
			name = "Bundle React Native Code And Images";
			outputPaths = (
			);
			runOnlyForDeploymentPostprocessing = 0;
			shellPath = /bin/sh;
			shellScript = "export NODE_BINARY=node\n../node_modules/react-native/scripts/react-native-xcode.sh";
		};
		48F34618EA32901AA4F0AB1D /* [CP] Check Pods Manifest.lock */ = {
			isa = PBXShellScriptBuildPhase;
			buildActionMask = 2147483647;
			files = (
			);
			inputFileListPaths = (
			);
			inputPaths = (
				"${PODS_PODFILE_DIR_PATH}/Podfile.lock",
				"${PODS_ROOT}/Manifest.lock",
			);
			name = "[CP] Check Pods Manifest.lock";
			outputFileListPaths = (
			);
			outputPaths = (
				"$(DERIVED_FILE_DIR)/Pods-Lectures247-tvOS-checkManifestLockResult.txt",
			);
			runOnlyForDeploymentPostprocessing = 0;
			shellPath = /bin/sh;
			shellScript = "diff \"${PODS_PODFILE_DIR_PATH}/Podfile.lock\" \"${PODS_ROOT}/Manifest.lock\" > /dev/null\nif [ $? != 0 ] ; then\n    # print error to STDERR\n    echo \"error: The sandbox is not in sync with the Podfile.lock. Run 'pod install' or update your CocoaPods installation.\" >&2\n    exit 1\nfi\n# This output is used by Xcode 'outputs' to avoid re-running this script phase.\necho \"SUCCESS\" > \"${SCRIPT_OUTPUT_FILE_0}\"\n";
			showEnvVarsInLog = 0;
		};
		7EC1D0FAE20CC3D2075782C9 /* [CP] Check Pods Manifest.lock */ = {
			isa = PBXShellScriptBuildPhase;
			buildActionMask = 2147483647;
			files = (
			);
			inputFileListPaths = (
			);
			inputPaths = (
				"${PODS_PODFILE_DIR_PATH}/Podfile.lock",
				"${PODS_ROOT}/Manifest.lock",
			);
			name = "[CP] Check Pods Manifest.lock";
			outputFileListPaths = (
			);
			outputPaths = (
				"$(DERIVED_FILE_DIR)/Pods-Lectures247-checkManifestLockResult.txt",
			);
			runOnlyForDeploymentPostprocessing = 0;
			shellPath = /bin/sh;
			shellScript = "diff \"${PODS_PODFILE_DIR_PATH}/Podfile.lock\" \"${PODS_ROOT}/Manifest.lock\" > /dev/null\nif [ $? != 0 ] ; then\n    # print error to STDERR\n    echo \"error: The sandbox is not in sync with the Podfile.lock. Run 'pod install' or update your CocoaPods installation.\" >&2\n    exit 1\nfi\n# This output is used by Xcode 'outputs' to avoid re-running this script phase.\necho \"SUCCESS\" > \"${SCRIPT_OUTPUT_FILE_0}\"\n";
			showEnvVarsInLog = 0;
		};
		848855D8FBADF641902AFBBA /* [CP] Check Pods Manifest.lock */ = {
			isa = PBXShellScriptBuildPhase;
			buildActionMask = 2147483647;
			files = (
			);
			inputFileListPaths = (
			);
			inputPaths = (
				"${PODS_PODFILE_DIR_PATH}/Podfile.lock",
				"${PODS_ROOT}/Manifest.lock",
			);
			name = "[CP] Check Pods Manifest.lock";
			outputFileListPaths = (
			);
			outputPaths = (
				"$(DERIVED_FILE_DIR)/Pods-Lectures247-Lectures247Tests-checkManifestLockResult.txt",
			);
			runOnlyForDeploymentPostprocessing = 0;
			shellPath = /bin/sh;
			shellScript = "diff \"${PODS_PODFILE_DIR_PATH}/Podfile.lock\" \"${PODS_ROOT}/Manifest.lock\" > /dev/null\nif [ $? != 0 ] ; then\n    # print error to STDERR\n    echo \"error: The sandbox is not in sync with the Podfile.lock. Run 'pod install' or update your CocoaPods installation.\" >&2\n    exit 1\nfi\n# This output is used by Xcode 'outputs' to avoid re-running this script phase.\necho \"SUCCESS\" > \"${SCRIPT_OUTPUT_FILE_0}\"\n";
			showEnvVarsInLog = 0;
		};
		A2C238DB990A4F6008988EA1 /* [CP] Check Pods Manifest.lock */ = {
			isa = PBXShellScriptBuildPhase;
			buildActionMask = 2147483647;
			files = (
			);
			inputFileListPaths = (
			);
			inputPaths = (
				"${PODS_PODFILE_DIR_PATH}/Podfile.lock",
				"${PODS_ROOT}/Manifest.lock",
			);
			name = "[CP] Check Pods Manifest.lock";
			outputFileListPaths = (
			);
			outputPaths = (
				"$(DERIVED_FILE_DIR)/Pods-Lectures247-tvOSTests-checkManifestLockResult.txt",
			);
			runOnlyForDeploymentPostprocessing = 0;
			shellPath = /bin/sh;
			shellScript = "diff \"${PODS_PODFILE_DIR_PATH}/Podfile.lock\" \"${PODS_ROOT}/Manifest.lock\" > /dev/null\nif [ $? != 0 ] ; then\n    # print error to STDERR\n    echo \"error: The sandbox is not in sync with the Podfile.lock. Run 'pod install' or update your CocoaPods installation.\" >&2\n    exit 1\nfi\n# This output is used by Xcode 'outputs' to avoid re-running this script phase.\necho \"SUCCESS\" > \"${SCRIPT_OUTPUT_FILE_0}\"\n";
			showEnvVarsInLog = 0;
		};
		DACE42A2EB932C31BFF62FAB /* [CP] Copy Pods Resources */ = {
			isa = PBXShellScriptBuildPhase;
			buildActionMask = 2147483647;
			files = (
			);
			inputPaths = (
				"${PODS_ROOT}/Target Support Files/Pods-Lectures247-Lectures247Tests/Pods-Lectures247-Lectures247Tests-resources.sh",
				"${PODS_CONFIGURATION_BUILD_DIR}/React-Core/AccessibilityResources.bundle",
			);
			name = "[CP] Copy Pods Resources";
			outputPaths = (
				"${TARGET_BUILD_DIR}/${UNLOCALIZED_RESOURCES_FOLDER_PATH}/AccessibilityResources.bundle",
			);
			runOnlyForDeploymentPostprocessing = 0;
			shellPath = /bin/sh;
			shellScript = "\"${PODS_ROOT}/Target Support Files/Pods-Lectures247-Lectures247Tests/Pods-Lectures247-Lectures247Tests-resources.sh\"\n";
			showEnvVarsInLog = 0;
		};
		FD10A7F022414F080027D42C /* Start Packager */ = {
			isa = PBXShellScriptBuildPhase;
			buildActionMask = 2147483647;
			files = (
			);
			inputFileListPaths = (
			);
			inputPaths = (
			);
			name = "Start Packager";
			outputFileListPaths = (
			);
			outputPaths = (
			);
			runOnlyForDeploymentPostprocessing = 0;
			shellPath = /bin/sh;
			shellScript = "export RCT_METRO_PORT=\"${RCT_METRO_PORT:=8081}\"\necho \"export RCT_METRO_PORT=${RCT_METRO_PORT}\" > \"${SRCROOT}/../node_modules/react-native/scripts/.packager.env\"\nif [ -z \"${RCT_NO_LAUNCH_PACKAGER+xxx}\" ] ; then\n  if nc -w 5 -z localhost ${RCT_METRO_PORT} ; then\n    if ! curl -s \"http://localhost:${RCT_METRO_PORT}/status\" | grep -q \"packager-status:running\" ; then\n      echo \"Port ${RCT_METRO_PORT} already in use, packager is either not running or not running correctly\"\n      exit 2\n    fi\n  else\n    open \"$SRCROOT/../node_modules/react-native/scripts/launchPackager.command\" || echo \"Can't start packager automatically\"\n  fi\nfi\n";
			showEnvVarsInLog = 0;
		};
		FD10A7F122414F3F0027D42C /* Start Packager */ = {
			isa = PBXShellScriptBuildPhase;
			buildActionMask = 2147483647;
			files = (
			);
			inputFileListPaths = (
			);
			inputPaths = (
			);
			name = "Start Packager";
			outputFileListPaths = (
			);
			outputPaths = (
			);
			runOnlyForDeploymentPostprocessing = 0;
			shellPath = /bin/sh;
			shellScript = "export RCT_METRO_PORT=\"${RCT_METRO_PORT:=8081}\"\necho \"export RCT_METRO_PORT=${RCT_METRO_PORT}\" > \"${SRCROOT}/../node_modules/react-native/scripts/.packager.env\"\nif [ -z \"${RCT_NO_LAUNCH_PACKAGER+xxx}\" ] ; then\n  if nc -w 5 -z localhost ${RCT_METRO_PORT} ; then\n    if ! curl -s \"http://localhost:${RCT_METRO_PORT}/status\" | grep -q \"packager-status:running\" ; then\n      echo \"Port ${RCT_METRO_PORT} already in use, packager is either not running or not running correctly\"\n      exit 2\n    fi\n  else\n    open \"$SRCROOT/../node_modules/react-native/scripts/launchPackager.command\" || echo \"Can't start packager automatically\"\n  fi\nfi\n";
			showEnvVarsInLog = 0;
		};
/* End PBXShellScriptBuildPhase section */

/* Begin PBXSourcesBuildPhase section */
		00E356EA1AD99517003FC87E /* Sources */ = {
			isa = PBXSourcesBuildPhase;
			buildActionMask = 2147483647;
			files = (
				00E356F31AD99517003FC87E /* Lectures247Tests.m in Sources */,
			);
			runOnlyForDeploymentPostprocessing = 0;
		};
		13B07F871A680F5B00A75B9A /* Sources */ = {
			isa = PBXSourcesBuildPhase;
			buildActionMask = 2147483647;
			files = (
				13B07FBC1A68108700A75B9A /* AppDelegate.m in Sources */,
				13B07FC11A68108700A75B9A /* main.m in Sources */,
			);
			runOnlyForDeploymentPostprocessing = 0;
		};
		2D02E4771E0B4A5D006451C7 /* Sources */ = {
			isa = PBXSourcesBuildPhase;
			buildActionMask = 2147483647;
			files = (
				2D02E4BF1E0B4AB3006451C7 /* main.m in Sources */,
				2D02E4BC1E0B4A80006451C7 /* AppDelegate.m in Sources */,
			);
			runOnlyForDeploymentPostprocessing = 0;
		};
		2D02E48C1E0B4A5D006451C7 /* Sources */ = {
			isa = PBXSourcesBuildPhase;
			buildActionMask = 2147483647;
			files = (
				2DCD954D1E0B4F2C00145EB5 /* Lectures247Tests.m in Sources */,
			);
			runOnlyForDeploymentPostprocessing = 0;
		};
/* End PBXSourcesBuildPhase section */

/* Begin PBXTargetDependency section */
		00E356F51AD99517003FC87E /* PBXTargetDependency */ = {
			isa = PBXTargetDependency;
			target = 13B07F861A680F5B00A75B9A /* Lectures247 */;
			targetProxy = 00E356F41AD99517003FC87E /* PBXContainerItemProxy */;
		};
		2D02E4921E0B4A5D006451C7 /* PBXTargetDependency */ = {
			isa = PBXTargetDependency;
			target = 2D02E47A1E0B4A5D006451C7 /* Lectures247-tvOS */;
			targetProxy = 2D02E4911E0B4A5D006451C7 /* PBXContainerItemProxy */;
		};
/* End PBXTargetDependency section */

/* Begin XCBuildConfiguration section */
		00E356F61AD99517003FC87E /* Debug */ = {
			isa = XCBuildConfiguration;
			baseConfigurationReference = B24E0CAFBC523C99CCA72B29 /* Pods-Lectures247-Lectures247Tests.debug.xcconfig */;
			buildSettings = {
				BUNDLE_LOADER = "$(TEST_HOST)";
				GCC_PREPROCESSOR_DEFINITIONS = (
					"DEBUG=1",
					"$(inherited)",
				);
				INFOPLIST_FILE = Lectures247Tests/Info.plist;
				IPHONEOS_DEPLOYMENT_TARGET = 10.0;
				LD_RUNPATH_SEARCH_PATHS = "$(inherited) @executable_path/Frameworks @loader_path/Frameworks";
				OTHER_LDFLAGS = (
					"-ObjC",
					"-lc++",
					"$(inherited)",
				);
				PRODUCT_BUNDLE_IDENTIFIER = "org.reactjs.native.example.$(PRODUCT_NAME:rfc1034identifier)";
				PRODUCT_NAME = "$(TARGET_NAME)";
				TEST_HOST = "$(BUILT_PRODUCTS_DIR)/Lectures247.app/Lectures247";
			};
			name = Debug;
		};
		00E356F71AD99517003FC87E /* Release */ = {
			isa = XCBuildConfiguration;
			baseConfigurationReference = 23710D8D83A0604E323435B6 /* Pods-Lectures247-Lectures247Tests.release.xcconfig */;
			buildSettings = {
				BUNDLE_LOADER = "$(TEST_HOST)";
				COPY_PHASE_STRIP = NO;
				INFOPLIST_FILE = Lectures247Tests/Info.plist;
				IPHONEOS_DEPLOYMENT_TARGET = 10.0;
				LD_RUNPATH_SEARCH_PATHS = "$(inherited) @executable_path/Frameworks @loader_path/Frameworks";
				OTHER_LDFLAGS = (
					"-ObjC",
					"-lc++",
					"$(inherited)",
				);
				PRODUCT_BUNDLE_IDENTIFIER = "org.reactjs.native.example.$(PRODUCT_NAME:rfc1034identifier)";
				PRODUCT_NAME = "$(TARGET_NAME)";
				TEST_HOST = "$(BUILT_PRODUCTS_DIR)/Lectures247.app/Lectures247";
			};
			name = Release;
		};
		13B07F941A680F5B00A75B9A /* Debug */ = {
			isa = XCBuildConfiguration;
			baseConfigurationReference = 2FAD4AB96B8DDB3A4D676800 /* Pods-Lectures247.debug.xcconfig */;
			buildSettings = {
				ASSETCATALOG_COMPILER_APPICON_NAME = AppIcon;
				CLANG_ENABLE_MODULES = YES;
				CURRENT_PROJECT_VERSION = 1;
				ENABLE_BITCODE = NO;
				INFOPLIST_FILE = Lectures247/Info.plist;
				LD_RUNPATH_SEARCH_PATHS = "$(inherited) @executable_path/Frameworks";
				OTHER_LDFLAGS = (
					"$(inherited)",
					"-ObjC",
					"-lc++",
				);
				PRODUCT_BUNDLE_IDENTIFIER = "org.reactjs.native.example.$(PRODUCT_NAME:rfc1034identifier)";
				PRODUCT_NAME = Lectures247;
				SWIFT_OPTIMIZATION_LEVEL = "-Onone";
				SWIFT_VERSION = 5.0;
				VERSIONING_SYSTEM = "apple-generic";
			};
			name = Debug;
		};
		13B07F951A680F5B00A75B9A /* Release */ = {
			isa = XCBuildConfiguration;
			baseConfigurationReference = F041BBF165028295FEE3CB23 /* Pods-Lectures247.release.xcconfig */;
			buildSettings = {
				ASSETCATALOG_COMPILER_APPICON_NAME = AppIcon;
				CLANG_ENABLE_MODULES = YES;
				CURRENT_PROJECT_VERSION = 1;
				INFOPLIST_FILE = Lectures247/Info.plist;
				LD_RUNPATH_SEARCH_PATHS = "$(inherited) @executable_path/Frameworks";
				OTHER_LDFLAGS = (
					"$(inherited)",
					"-ObjC",
					"-lc++",
				);
				PRODUCT_BUNDLE_IDENTIFIER = "org.reactjs.native.example.$(PRODUCT_NAME:rfc1034identifier)";
				PRODUCT_NAME = Lectures247;
				SWIFT_VERSION = 5.0;
				VERSIONING_SYSTEM = "apple-generic";
			};
			name = Release;
		};
		2D02E4971E0B4A5E006451C7 /* Debug */ = {
			isa = XCBuildConfiguration;
			baseConfigurationReference = 67C17E5ABB1653C3B71C1676 /* Pods-Lectures247-tvOS.debug.xcconfig */;
			buildSettings = {
				ASSETCATALOG_COMPILER_APPICON_NAME = "App Icon & Top Shelf Image";
				ASSETCATALOG_COMPILER_LAUNCHIMAGE_NAME = LaunchImage;
				CLANG_ANALYZER_NONNULL = YES;
				CLANG_WARN_DOCUMENTATION_COMMENTS = YES;
				CLANG_WARN_INFINITE_RECURSION = YES;
				CLANG_WARN_SUSPICIOUS_MOVE = YES;
				DEBUG_INFORMATION_FORMAT = dwarf;
				ENABLE_TESTABILITY = YES;
				GCC_NO_COMMON_BLOCKS = YES;
				INFOPLIST_FILE = "Lectures247-tvOS/Info.plist";
				LD_RUNPATH_SEARCH_PATHS = "$(inherited) @executable_path/Frameworks";
				OTHER_LDFLAGS = (
					"$(inherited)",
					"-ObjC",
					"-lc++",
				);
				PRODUCT_BUNDLE_IDENTIFIER = "org.reactjs.native.example.Lectures247-tvOS";
				PRODUCT_NAME = "$(TARGET_NAME)";
				SDKROOT = appletvos;
				TARGETED_DEVICE_FAMILY = 3;
				TVOS_DEPLOYMENT_TARGET = 10.0;
			};
			name = Debug;
		};
		2D02E4981E0B4A5E006451C7 /* Release */ = {
			isa = XCBuildConfiguration;
			baseConfigurationReference = 57B9DEEA4A413A39036016EB /* Pods-Lectures247-tvOS.release.xcconfig */;
			buildSettings = {
				ASSETCATALOG_COMPILER_APPICON_NAME = "App Icon & Top Shelf Image";
				ASSETCATALOG_COMPILER_LAUNCHIMAGE_NAME = LaunchImage;
				CLANG_ANALYZER_NONNULL = YES;
				CLANG_WARN_DOCUMENTATION_COMMENTS = YES;
				CLANG_WARN_INFINITE_RECURSION = YES;
				CLANG_WARN_SUSPICIOUS_MOVE = YES;
				COPY_PHASE_STRIP = NO;
				DEBUG_INFORMATION_FORMAT = "dwarf-with-dsym";
				GCC_NO_COMMON_BLOCKS = YES;
				INFOPLIST_FILE = "Lectures247-tvOS/Info.plist";
				LD_RUNPATH_SEARCH_PATHS = "$(inherited) @executable_path/Frameworks";
				OTHER_LDFLAGS = (
					"$(inherited)",
					"-ObjC",
					"-lc++",
				);
				PRODUCT_BUNDLE_IDENTIFIER = "org.reactjs.native.example.Lectures247-tvOS";
				PRODUCT_NAME = "$(TARGET_NAME)";
				SDKROOT = appletvos;
				TARGETED_DEVICE_FAMILY = 3;
				TVOS_DEPLOYMENT_TARGET = 10.0;
			};
			name = Release;
		};
		2D02E4991E0B4A5E006451C7 /* Debug */ = {
			isa = XCBuildConfiguration;
			baseConfigurationReference = 57738113F12FCF655433ACBE /* Pods-Lectures247-tvOSTests.debug.xcconfig */;
			buildSettings = {
				BUNDLE_LOADER = "$(TEST_HOST)";
				CLANG_ANALYZER_NONNULL = YES;
				CLANG_WARN_DOCUMENTATION_COMMENTS = YES;
				CLANG_WARN_INFINITE_RECURSION = YES;
				CLANG_WARN_SUSPICIOUS_MOVE = YES;
				DEBUG_INFORMATION_FORMAT = dwarf;
				ENABLE_TESTABILITY = YES;
				GCC_NO_COMMON_BLOCKS = YES;
				INFOPLIST_FILE = "Lectures247-tvOSTests/Info.plist";
				LD_RUNPATH_SEARCH_PATHS = "$(inherited) @executable_path/Frameworks @loader_path/Frameworks";
				OTHER_LDFLAGS = (
					"$(inherited)",
					"-ObjC",
					"-lc++",
				);
				PRODUCT_BUNDLE_IDENTIFIER = "org.reactjs.native.example.Lectures247-tvOSTests";
				PRODUCT_NAME = "$(TARGET_NAME)";
				SDKROOT = appletvos;
				TEST_HOST = "$(BUILT_PRODUCTS_DIR)/Lectures247-tvOS.app/Lectures247-tvOS";
				TVOS_DEPLOYMENT_TARGET = 10.1;
			};
			name = Debug;
		};
		2D02E49A1E0B4A5E006451C7 /* Release */ = {
			isa = XCBuildConfiguration;
			baseConfigurationReference = 76041296FAE6DD0FE7E2F15D /* Pods-Lectures247-tvOSTests.release.xcconfig */;
			buildSettings = {
				BUNDLE_LOADER = "$(TEST_HOST)";
				CLANG_ANALYZER_NONNULL = YES;
				CLANG_WARN_DOCUMENTATION_COMMENTS = YES;
				CLANG_WARN_INFINITE_RECURSION = YES;
				CLANG_WARN_SUSPICIOUS_MOVE = YES;
				COPY_PHASE_STRIP = NO;
				DEBUG_INFORMATION_FORMAT = "dwarf-with-dsym";
				GCC_NO_COMMON_BLOCKS = YES;
				INFOPLIST_FILE = "Lectures247-tvOSTests/Info.plist";
				LD_RUNPATH_SEARCH_PATHS = "$(inherited) @executable_path/Frameworks @loader_path/Frameworks";
				OTHER_LDFLAGS = (
					"$(inherited)",
					"-ObjC",
					"-lc++",
				);
				PRODUCT_BUNDLE_IDENTIFIER = "org.reactjs.native.example.Lectures247-tvOSTests";
				PRODUCT_NAME = "$(TARGET_NAME)";
				SDKROOT = appletvos;
				TEST_HOST = "$(BUILT_PRODUCTS_DIR)/Lectures247-tvOS.app/Lectures247-tvOS";
				TVOS_DEPLOYMENT_TARGET = 10.1;
			};
			name = Release;
		};
		83CBBA201A601CBA00E9B192 /* Debug */ = {
			isa = XCBuildConfiguration;
			buildSettings = {
				ALWAYS_SEARCH_USER_PATHS = NO;
				CLANG_ANALYZER_LOCALIZABILITY_NONLOCALIZED = YES;
				CLANG_CXX_LANGUAGE_STANDARD = "gnu++0x";
				CLANG_CXX_LIBRARY = "libc++";
				CLANG_ENABLE_MODULES = YES;
				CLANG_ENABLE_OBJC_ARC = YES;
				CLANG_WARN_BLOCK_CAPTURE_AUTORELEASING = YES;
				CLANG_WARN_BOOL_CONVERSION = YES;
				CLANG_WARN_COMMA = YES;
				CLANG_WARN_CONSTANT_CONVERSION = YES;
				CLANG_WARN_DEPRECATED_OBJC_IMPLEMENTATIONS = YES;
				CLANG_WARN_DIRECT_OBJC_ISA_USAGE = YES_ERROR;
				CLANG_WARN_EMPTY_BODY = YES;
				CLANG_WARN_ENUM_CONVERSION = YES;
				CLANG_WARN_INFINITE_RECURSION = YES;
				CLANG_WARN_INT_CONVERSION = YES;
				CLANG_WARN_NON_LITERAL_NULL_CONVERSION = YES;
				CLANG_WARN_OBJC_IMPLICIT_RETAIN_SELF = YES;
				CLANG_WARN_OBJC_LITERAL_CONVERSION = YES;
				CLANG_WARN_OBJC_ROOT_CLASS = YES_ERROR;
				CLANG_WARN_RANGE_LOOP_ANALYSIS = YES;
				CLANG_WARN_STRICT_PROTOTYPES = YES;
				CLANG_WARN_SUSPICIOUS_MOVE = YES;
				CLANG_WARN_UNREACHABLE_CODE = YES;
				CLANG_WARN__DUPLICATE_METHOD_MATCH = YES;
				"CODE_SIGN_IDENTITY[sdk=iphoneos*]" = "iPhone Developer";
				COPY_PHASE_STRIP = NO;
				ENABLE_STRICT_OBJC_MSGSEND = YES;
				ENABLE_TESTABILITY = YES;
				GCC_C_LANGUAGE_STANDARD = gnu99;
				GCC_DYNAMIC_NO_PIC = NO;
				GCC_NO_COMMON_BLOCKS = YES;
				GCC_OPTIMIZATION_LEVEL = 0;
				GCC_PREPROCESSOR_DEFINITIONS = (
					"DEBUG=1",
					"$(inherited)",
				);
				GCC_SYMBOLS_PRIVATE_EXTERN = NO;
				GCC_WARN_64_TO_32_BIT_CONVERSION = YES;
				GCC_WARN_ABOUT_RETURN_TYPE = YES_ERROR;
				GCC_WARN_UNDECLARED_SELECTOR = YES;
				GCC_WARN_UNINITIALIZED_AUTOS = YES_AGGRESSIVE;
				GCC_WARN_UNUSED_FUNCTION = YES;
				GCC_WARN_UNUSED_VARIABLE = YES;
				IPHONEOS_DEPLOYMENT_TARGET = 10.0;
				LD_RUNPATH_SEARCH_PATHS = "/usr/lib/swift $(inherited)";
				LIBRARY_SEARCH_PATHS = (
					"\"$(TOOLCHAIN_DIR)/usr/lib/swift/$(PLATFORM_NAME)\"",
					"\"$(TOOLCHAIN_DIR)/usr/lib/swift-5.0/$(PLATFORM_NAME)\"",
					"\"$(inherited)\"",
				);
				MTL_ENABLE_DEBUG_INFO = YES;
				ONLY_ACTIVE_ARCH = YES;
				SDKROOT = iphoneos;
			};
			name = Debug;
		};
		83CBBA211A601CBA00E9B192 /* Release */ = {
			isa = XCBuildConfiguration;
			buildSettings = {
				ALWAYS_SEARCH_USER_PATHS = NO;
				CLANG_ANALYZER_LOCALIZABILITY_NONLOCALIZED = YES;
				CLANG_CXX_LANGUAGE_STANDARD = "gnu++0x";
				CLANG_CXX_LIBRARY = "libc++";
				CLANG_ENABLE_MODULES = YES;
				CLANG_ENABLE_OBJC_ARC = YES;
				CLANG_WARN_BLOCK_CAPTURE_AUTORELEASING = YES;
				CLANG_WARN_BOOL_CONVERSION = YES;
				CLANG_WARN_COMMA = YES;
				CLANG_WARN_CONSTANT_CONVERSION = YES;
				CLANG_WARN_DEPRECATED_OBJC_IMPLEMENTATIONS = YES;
				CLANG_WARN_DIRECT_OBJC_ISA_USAGE = YES_ERROR;
				CLANG_WARN_EMPTY_BODY = YES;
				CLANG_WARN_ENUM_CONVERSION = YES;
				CLANG_WARN_INFINITE_RECURSION = YES;
				CLANG_WARN_INT_CONVERSION = YES;
				CLANG_WARN_NON_LITERAL_NULL_CONVERSION = YES;
				CLANG_WARN_OBJC_IMPLICIT_RETAIN_SELF = YES;
				CLANG_WARN_OBJC_LITERAL_CONVERSION = YES;
				CLANG_WARN_OBJC_ROOT_CLASS = YES_ERROR;
				CLANG_WARN_RANGE_LOOP_ANALYSIS = YES;
				CLANG_WARN_STRICT_PROTOTYPES = YES;
				CLANG_WARN_SUSPICIOUS_MOVE = YES;
				CLANG_WARN_UNREACHABLE_CODE = YES;
				CLANG_WARN__DUPLICATE_METHOD_MATCH = YES;
				"CODE_SIGN_IDENTITY[sdk=iphoneos*]" = "iPhone Developer";
				COPY_PHASE_STRIP = YES;
				ENABLE_NS_ASSERTIONS = NO;
				ENABLE_STRICT_OBJC_MSGSEND = YES;
				GCC_C_LANGUAGE_STANDARD = gnu99;
				GCC_NO_COMMON_BLOCKS = YES;
				GCC_WARN_64_TO_32_BIT_CONVERSION = YES;
				GCC_WARN_ABOUT_RETURN_TYPE = YES_ERROR;
				GCC_WARN_UNDECLARED_SELECTOR = YES;
				GCC_WARN_UNINITIALIZED_AUTOS = YES_AGGRESSIVE;
				GCC_WARN_UNUSED_FUNCTION = YES;
				GCC_WARN_UNUSED_VARIABLE = YES;
				IPHONEOS_DEPLOYMENT_TARGET = 10.0;
				LD_RUNPATH_SEARCH_PATHS = "/usr/lib/swift $(inherited)";
				LIBRARY_SEARCH_PATHS = (
					"\"$(TOOLCHAIN_DIR)/usr/lib/swift/$(PLATFORM_NAME)\"",
					"\"$(TOOLCHAIN_DIR)/usr/lib/swift-5.0/$(PLATFORM_NAME)\"",
					"\"$(inherited)\"",
				);
				MTL_ENABLE_DEBUG_INFO = NO;
				SDKROOT = iphoneos;
				VALIDATE_PRODUCT = YES;
			};
			name = Release;
		};
/* End XCBuildConfiguration section */

/* Begin XCConfigurationList section */
		00E357021AD99517003FC87E /* Build configuration list for PBXNativeTarget "Lectures247Tests" */ = {
			isa = XCConfigurationList;
			buildConfigurations = (
				00E356F61AD99517003FC87E /* Debug */,
				00E356F71AD99517003FC87E /* Release */,
			);
			defaultConfigurationIsVisible = 0;
			defaultConfigurationName = Release;
		};
		13B07F931A680F5B00A75B9A /* Build configuration list for PBXNativeTarget "Lectures247" */ = {
			isa = XCConfigurationList;
			buildConfigurations = (
				13B07F941A680F5B00A75B9A /* Debug */,
				13B07F951A680F5B00A75B9A /* Release */,
			);
			defaultConfigurationIsVisible = 0;
			defaultConfigurationName = Release;
		};
		2D02E4BA1E0B4A5E006451C7 /* Build configuration list for PBXNativeTarget "Lectures247-tvOS" */ = {
			isa = XCConfigurationList;
			buildConfigurations = (
				2D02E4971E0B4A5E006451C7 /* Debug */,
				2D02E4981E0B4A5E006451C7 /* Release */,
			);
			defaultConfigurationIsVisible = 0;
			defaultConfigurationName = Release;
		};
		2D02E4BB1E0B4A5E006451C7 /* Build configuration list for PBXNativeTarget "Lectures247-tvOSTests" */ = {
			isa = XCConfigurationList;
			buildConfigurations = (
				2D02E4991E0B4A5E006451C7 /* Debug */,
				2D02E49A1E0B4A5E006451C7 /* Release */,
			);
			defaultConfigurationIsVisible = 0;
			defaultConfigurationName = Release;
		};
		83CBB9FA1A601CBA00E9B192 /* Build configuration list for PBXProject "Lectures247" */ = {
			isa = XCConfigurationList;
			buildConfigurations = (
				83CBBA201A601CBA00E9B192 /* Debug */,
				83CBBA211A601CBA00E9B192 /* Release */,
			);
			defaultConfigurationIsVisible = 0;
			defaultConfigurationName = Release;
		};
/* End XCConfigurationList section */
	};
	rootObject = 83CBB9F71A601CBA00E9B192 /* Project object */;
}
